
Microsoft Visual Studio Solution File, Format Version 12.00
# Visual Studio 2013
VisualStudioVersion = 12.0.31101.0
MinimumVisualStudioVersion = 10.0.40219.1
Project("{2150E333-8FDC-42A3-9474-1A3956D46DE8}") = "0 - Presentation", "0 - Presentation", "{C010FEF2-A9D9-4516-8653-013951593463}"
EndProject
Project("{2150E333-8FDC-42A3-9474-1A3956D46DE8}") = "1 - API", "1 - API", "{7F4DD314-E7CA-4DDA-9B9E-AFE30E89E24B}"
EndProject
Project("{2150E333-8FDC-42A3-9474-1A3956D46DE8}") = "2 - Application", "2 - Application", "{11B1F20B-2D52-4342-9CA5-9E2AB7B22CC0}"
EndProject
Project("{2150E333-8FDC-42A3-9474-1A3956D46DE8}") = "3 - Domain", "3 - Domain", "{049E905F-A0EE-4FC4-936D-9B7B488CE4BA}"
EndProject
Project("{2150E333-8FDC-42A3-9474-1A3956D46DE8}") = "4 - Infra", "4 - Infra", "{20E2DACB-3B69-4C95-9A3A-E03AFC7B1ABF}"
EndProject
Project("{2150E333-8FDC-42A3-9474-1A3956D46DE8}") = "4.1 - Data", "4.1 - Data", "{D3C438DF-DA23-4B0E-8F83-F717F272C94F}"
EndProject
Project("{FAE04EC0-301F-11D3-BF4B-00C04F79EFBC}") = "Flowing.Infra.Data", "Flowing.Infra.Data\Flowing.Infra.Data.csproj", "{9F768C0A-D97B-437B-B127-80E275D5B28B}"
EndProject
Project("{FAE04EC0-301F-11D3-BF4B-00C04F79EFBC}") = "Flowing.Domain", "Flowing.Domain\Flowing.Domain.csproj", "{D2FF3262-F3AC-45C3-970B-7A77F867AEEB}"
EndProject
Project("{FAE04EC0-301F-11D3-BF4B-00C04F79EFBC}") = "Flowing.Application", "Flowing.Application\Flowing.Application.csproj", "{523DDADE-2871-4D8F-A732-3032E576B98D}"
EndProject
Project("{FAE04EC0-301F-11D3-BF4B-00C04F79EFBC}") = "Flowing.API", "Flowing.API\Flowing.API.csproj", "{93C58215-9337-4356-9B85-6A58AE4C6A1B}"
EndProject
Project("{FAE04EC0-301F-11D3-BF4B-00C04F79EFBC}") = "Flowing.API.Tests", "Flowing.API.Tests\Flowing.API.Tests.csproj", "{E59F60D6-0022-4F62-A87E-E9EF6860DB41}"
EndProject
Global
	GlobalSection(SolutionConfigurationPlatforms) = preSolution
		Debug|Any CPU = Debug|Any CPU
		Release|Any CPU = Release|Any CPU
	EndGlobalSection
	GlobalSection(ProjectConfigurationPlatforms) = postSolution
		{9F768C0A-D97B-437B-B127-80E275D5B28B}.Debug|Any CPU.ActiveCfg = Debug|Any CPU
		{9F768C0A-D97B-437B-B127-80E275D5B28B}.Debug|Any CPU.Build.0 = Debug|Any CPU
		{9F768C0A-D97B-437B-B127-80E275D5B28B}.Release|Any CPU.ActiveCfg = Release|Any CPU
		{9F768C0A-D97B-437B-B127-80E275D5B28B}.Release|Any CPU.Build.0 = Release|Any CPU
		{D2FF3262-F3AC-45C3-970B-7A77F867AEEB}.Debug|Any CPU.ActiveCfg = Debug|Any CPU
		{D2FF3262-F3AC-45C3-970B-7A77F867AEEB}.Debug|Any CPU.Build.0 = Debug|Any CPU
		{D2FF3262-F3AC-45C3-970B-7A77F867AEEB}.Release|Any CPU.ActiveCfg = Release|Any CPU
		{D2FF3262-F3AC-45C3-970B-7A77F867AEEB}.Release|Any CPU.Build.0 = Release|Any CPU
		{523DDADE-2871-4D8F-A732-3032E576B98D}.Debug|Any CPU.ActiveCfg = Debug|Any CPU
		{523DDADE-2871-4D8F-A732-3032E576B98D}.Debug|Any CPU.Build.0 = Debug|Any CPU
		{523DDADE-2871-4D8F-A732-3032E576B98D}.Release|Any CPU.ActiveCfg = Release|Any CPU
		{523DDADE-2871-4D8F-A732-3032E576B98D}.Release|Any CPU.Build.0 = Release|Any CPU
		{93C58215-9337-4356-9B85-6A58AE4C6A1B}.Debug|Any CPU.ActiveCfg = Debug|Any CPU
		{93C58215-9337-4356-9B85-6A58AE4C6A1B}.Debug|Any CPU.Build.0 = Debug|Any CPU
		{93C58215-9337-4356-9B85-6A58AE4C6A1B}.Release|Any CPU.ActiveCfg = Release|Any CPU
		{93C58215-9337-4356-9B85-6A58AE4C6A1B}.Release|Any CPU.Build.0 = Release|Any CPU
		{E59F60D6-0022-4F62-A87E-E9EF6860DB41}.Debug|Any CPU.ActiveCfg = Debug|Any CPU
		{E59F60D6-0022-4F62-A87E-E9EF6860DB41}.Debug|Any CPU.Build.0 = Debug|Any CPU
		{E59F60D6-0022-4F62-A87E-E9EF6860DB41}.Release|Any CPU.ActiveCfg = Release|Any CPU
		{E59F60D6-0022-4F62-A87E-E9EF6860DB41}.Release|Any CPU.Build.0 = Release|Any CPU
	EndGlobalSection
	GlobalSection(SolutionProperties) = preSolution
		HideSolutionNode = FALSE
	EndGlobalSection
	GlobalSection(NestedProjects) = preSolution
		{D3C438DF-DA23-4B0E-8F83-F717F272C94F} = {20E2DACB-3B69-4C95-9A3A-E03AFC7B1ABF}
		{9F768C0A-D97B-437B-B127-80E275D5B28B} = {D3C438DF-DA23-4B0E-8F83-F717F272C94F}
		{D2FF3262-F3AC-45C3-970B-7A77F867AEEB} = {049E905F-A0EE-4FC4-936D-9B7B488CE4BA}
		{523DDADE-2871-4D8F-A732-3032E576B98D} = {11B1F20B-2D52-4342-9CA5-9E2AB7B22CC0}
		{93C58215-9337-4356-9B85-6A58AE4C6A1B} = {7F4DD314-E7CA-4DDA-9B9E-AFE30E89E24B}
		{E59F60D6-0022-4F62-A87E-E9EF6860DB41} = {7F4DD314-E7CA-4DDA-9B9E-AFE30E89E24B}
	EndGlobalSection
EndGlobal
